
Microsoft Visual Studio Solution File, Format Version 12.00
# Visual Studio Version 17
VisualStudioVersion = 17.12.35527.113
MinimumVisualStudioVersion = 10.0.40219.1
Project("{FAE04EC0-301F-11D3-BF4B-00C04F79EFBC}") = "Proyecto_Majestic", "Proyecto_Majestic\Proyecto_Majestic.csproj", "{44E3CE8D-F23D-483F-977A-C67BB687B691}"
EndProject
Project("{2150E333-8FDC-42A3-9474-1A3956D46DE8}") = "Utilidades", "Utilidades", "{06860E1C-B04F-4A75-8860-EA170FB5DC96}"
	ProjectSection(SolutionItems) = preProject
		..\..\Consulta Base de Datos.sql = ..\..\Consulta Base de Datos.sql
	EndProjectSection
EndProject
Global
	GlobalSection(SolutionConfigurationPlatforms) = preSolution
		Debug|Any CPU = Debug|Any CPU
		Release|Any CPU = Release|Any CPU
	EndGlobalSection
	GlobalSection(ProjectConfigurationPlatforms) = postSolution
		{44E3CE8D-F23D-483F-977A-C67BB687B691}.Debug|Any CPU.ActiveCfg = Debug|Any CPU
		{44E3CE8D-F23D-483F-977A-C67BB687B691}.Debug|Any CPU.Build.0 = Debug|Any CPU
		{44E3CE8D-F23D-483F-977A-C67BB687B691}.Release|Any CPU.ActiveCfg = Release|Any CPU
		{44E3CE8D-F23D-483F-977A-C67BB687B691}.Release|Any CPU.Build.0 = Release|Any CPU
	EndGlobalSection
	GlobalSection(SolutionProperties) = preSolution
		HideSolutionNode = FALSE
	EndGlobalSection
EndGlobal
